Microsoft Visual Studio Solution File, Format Version 12.00
# Visual Studio 2012
Project("{FAE04EC0-301F-11D3-BF4B-00C04F79EFBC}") = "Slash Roguelikedev Tutorial 2020", "Slash Roguelikedev Tutorial 2020.csproj", "{780C73FD-8A78-4315-BEF8-AECC2D0FB248}"
EndProject
Global
	GlobalSection(SolutionConfigurationPlatforms) = preSolution
	Debug|Any CPU = Debug|Any CPU
	Release|Any CPU = Release|Any CPU
	Tools|Any CPU = Tools|Any CPU
	EndGlobalSection
	GlobalSection(ProjectConfigurationPlatforms) = postSolution
		{780C73FD-8A78-4315-BEF8-AECC2D0FB248}.Debug|Any CPU.ActiveCfg = Debug|Any CPU
		{780C73FD-8A78-4315-BEF8-AECC2D0FB248}.Debug|Any CPU.Build.0 = Debug|Any CPU
		{780C73FD-8A78-4315-BEF8-AECC2D0FB248}.Release|Any CPU.ActiveCfg = Release|Any CPU
		{780C73FD-8A78-4315-BEF8-AECC2D0FB248}.Release|Any CPU.Build.0 = Release|Any CPU
		{780C73FD-8A78-4315-BEF8-AECC2D0FB248}.Tools|Any CPU.ActiveCfg = Tools|Any CPU
		{780C73FD-8A78-4315-BEF8-AECC2D0FB248}.Tools|Any CPU.Build.0 = Tools|Any CPU
	EndGlobalSection
EndGlobal
